
Microsoft Visual Studio Solution File, Format Version 12.00
# Visual Studio 15
VisualStudioVersion = 15.0.28010.2016
MinimumVisualStudioVersion = 10.0.40219.1
Project("{FAE04EC0-301F-11D3-BF4B-00C04F79EFBC}") = "FileFinder", "FileFinder\FileFinder.csproj", "{8A32DC57-43CF-4E91-80B8-2E3F684E1B9A}"
EndProject
Global
	GlobalSection(SolutionConfigurationPlatforms) = preSolution
		Debug|Any CPU = Debug|Any CPU
		Release|Any CPU = Release|Any CPU
	EndGlobalSection
	GlobalSection(ProjectConfigurationPlatforms) = postSolution
		{8A32DC57-43CF-4E91-80B8-2E3F684E1B9A}.Debug|Any CPU.ActiveCfg = Debug|Any CPU
		{8A32DC57-43CF-4E91-80B8-2E3F684E1B9A}.Debug|Any CPU.Build.0 = Debug|Any CPU
		{8A32DC57-43CF-4E91-80B8-2E3F684E1B9A}.Release|Any CPU.ActiveCfg = Release|Any CPU
		{8A32DC57-43CF-4E91-80B8-2E3F684E1B9A}.Release|Any CPU.Build.0 = Release|Any CPU
	EndGlobalSection
	GlobalSection(SolutionProperties) = preSolution
		HideSolutionNode = FALSE
	EndGlobalSection
	GlobalSection(ExtensibilityGlobals) = postSolution
		SolutionGuid = {9B2BF708-6F47-46ED-9A34-5BBF6033519A}
	EndGlobalSection
EndGlobal
